
Microsoft Visual Studio Solution File, Format Version 12.00
Project("{FAE04EC0-301F-11D3-BF4B-00C04F79EFBC}") = "TestApbd1", "TestApbd1\TestApbd1.csproj", "{D91648EA-F6BC-4324-87C6-745B27E2E929}"
EndProject
Global
	GlobalSection(SolutionConfigurationPlatforms) = preSolution
		Debug|Any CPU = Debug|Any CPU
		Release|Any CPU = Release|Any CPU
	EndGlobalSection
	GlobalSection(ProjectConfigurationPlatforms) = postSolution
		{D91648EA-F6BC-4324-87C6-745B27E2E929}.Debug|Any CPU.ActiveCfg = Debug|Any CPU
		{D91648EA-F6BC-4324-87C6-745B27E2E929}.Debug|Any CPU.Build.0 = Debug|Any CPU
		{D91648EA-F6BC-4324-87C6-745B27E2E929}.Release|Any CPU.ActiveCfg = Release|Any CPU
		{D91648EA-F6BC-4324-87C6-745B27E2E929}.Release|Any CPU.Build.0 = Release|Any CPU
	EndGlobalSection
EndGlobal
